// !$*UTF8*$!
{
	archiveVersion = 1;
	classes = {
	};
	objectVersion = 50;
	objects = {

/* Begin PBXBuildFile section */
		65431EE1237C9DD500D493C3 /* gotham-bold.otf in Resources */ = {isa = PBXBuildFile; fileRef = 65431EDF237C9D4500D493C3 /* gotham-bold.otf */; };
		65431EE2237C9DD800D493C3 /* gotham-book.otf in Resources */ = {isa = PBXBuildFile; fileRef = 65431EE0237C9D4500D493C3 /* gotham-book.otf */; };
		65431EE3237C9DDB00D493C3 /* gotham-medium.otf in Resources */ = {isa = PBXBuildFile; fileRef = 65431EDD237C9D4500D493C3 /* gotham-medium.otf */; };
		65431EE4237C9DDD00D493C3 /* gotham.otf in Resources */ = {isa = PBXBuildFile; fileRef = 65431EDE237C9D4500D493C3 /* gotham.otf */; };
		8B0CF87123467B870094E5B1 /* Assets.xcassets in Resources */ = {isa = PBXBuildFile; fileRef = 8B0CF87023467B870094E5B1 /* Assets.xcassets */; };
		8B71126123623ACC0074B140 /* mapsDark.json in Resources */ = {isa = PBXBuildFile; fileRef = 8B71126023623ACC0074B140 /* mapsDark.json */; };
		8B71126323623B4F0074B140 /* mapsLight.json in Resources */ = {isa = PBXBuildFile; fileRef = 8B71126223623B4F0074B140 /* mapsLight.json */; };
		8B9A31982347CE7F00D2F077 /* CustomStepView.swift in Sources */ = {isa = PBXBuildFile; fileRef = 8B9A31972347CE7F00D2F077 /* CustomStepView.swift */; };
		8B9A319A2347CEC200D2F077 /* CustomTextField.swift in Sources */ = {isa = PBXBuildFile; fileRef = 8B9A31992347CEC200D2F077 /* CustomTextField.swift */; };
		8B9A319C2347D46600D2F077 /* Preview.swift in Sources */ = {isa = PBXBuildFile; fileRef = 8B9A319B2347D46600D2F077 /* Preview.swift */; };
		8BFEC94F2344DA6400D56104 /* AppDelegate.swift in Sources */ = {isa = PBXBuildFile; fileRef = 8BFEC94E2344DA6400D56104 /* AppDelegate.swift */; };
		8BFEC9512344DA6400D56104 /* SceneDelegate.swift in Sources */ = {isa = PBXBuildFile; fileRef = 8BFEC9502344DA6400D56104 /* SceneDelegate.swift */; };
		8BFEC95B2344DA6700D56104 /* LaunchScreen.storyboard in Resources */ = {isa = PBXBuildFile; fileRef = 8BFEC9592344DA6700D56104 /* LaunchScreen.storyboard */; };
		8BFEC9662344DAFD00D56104 /* ExplorerViewController.swift in Sources */ = {isa = PBXBuildFile; fileRef = 8BFEC9652344DAFD00D56104 /* ExplorerViewController.swift */; };
		8BFEC9682344DB0C00D56104 /* ExplorerScreen.swift in Sources */ = {isa = PBXBuildFile; fileRef = 8BFEC9672344DB0C00D56104 /* ExplorerScreen.swift */; };
		8BFEC96A2344DB2000D56104 /* ExplorerComponents.swift in Sources */ = {isa = PBXBuildFile; fileRef = 8BFEC9692344DB2000D56104 /* ExplorerComponents.swift */; };
		8BFEC96F2344DC9300D56104 /* UIView+Elevate.swift in Sources */ = {isa = PBXBuildFile; fileRef = 8BFEC96C2344DC9300D56104 /* UIView+Elevate.swift */; };
		8BFEC9702344DC9300D56104 /* Constraint_Extensions.swift in Sources */ = {isa = PBXBuildFile; fileRef = 8BFEC96D2344DC9300D56104 /* Constraint_Extensions.swift */; };
		8BFEC9712344DC9300D56104 /* UIView+Percent.swift in Sources */ = {isa = PBXBuildFile; fileRef = 8BFEC96E2344DC9300D56104 /* UIView+Percent.swift */; };
		8BFEC98523452E5700D56104 /* CustomMarkerView.swift in Sources */ = {isa = PBXBuildFile; fileRef = 8BFEC98423452E5700D56104 /* CustomMarkerView.swift */; };
		8BFEC98723452F5800D56104 /* PreviewMapsView.swift in Sources */ = {isa = PBXBuildFile; fileRef = 8BFEC98623452F5800D56104 /* PreviewMapsView.swift */; };
		8BFEC9892345307F00D56104 /* DetailsViewController.swift in Sources */ = {isa = PBXBuildFile; fileRef = 8BFEC9882345307F00D56104 /* DetailsViewController.swift */; };
		9D8A2628084BD54C4F1DB0D3 /* Pods_ExplorerGoogle.framework in Frameworks */ = {isa = PBXBuildFile; fileRef = B18593200A8FE767048B95E1 /* Pods_ExplorerGoogle.framework */; };
/* End PBXBuildFile section */

/* Begin PBXFileReference section */
		5F33B3E316E8589882292C9F /* Pods-ExplorerGoogle.release.xcconfig */ = {isa = PBXFileReference; includeInIndex = 1; lastKnownFileType = text.xcconfig; name = "Pods-ExplorerGoogle.release.xcconfig"; path = "Target Support Files/Pods-ExplorerGoogle/Pods-ExplorerGoogle.release.xcconfig"; sourceTree = "<group>"; };
		65431EDD237C9D4500D493C3 /* gotham-medium.otf */ = {isa = PBXFileReference; lastKnownFileType = file; path = "gotham-medium.otf"; sourceTree = "<group>"; };
		65431EDE237C9D4500D493C3 /* gotham.otf */ = {isa = PBXFileReference; lastKnownFileType = file; path = gotham.otf; sourceTree = "<group>"; };
		65431EDF237C9D4500D493C3 /* gotham-bold.otf */ = {isa = PBXFileReference; lastKnownFileType = file; path = "gotham-bold.otf"; sourceTree = "<group>"; };
		65431EE0237C9D4500D493C3 /* gotham-book.otf */ = {isa = PBXFileReference; lastKnownFileType = file; path = "gotham-book.otf"; sourceTree = "<group>"; };
		6F2A6B31867CAD37AEDBB0EB /* Pods-ExplorerGoogle.debug.xcconfig */ = {isa = PBXFileReference; includeInIndex = 1; lastKnownFileType = text.xcconfig; name = "Pods-ExplorerGoogle.debug.xcconfig"; path = "Target Support Files/Pods-ExplorerGoogle/Pods-ExplorerGoogle.debug.xcconfig"; sourceTree = "<group>"; };
		8B0CF87023467B870094E5B1 /* Assets.xcassets */ = {isa = PBXFileReference; lastKnownFileType = folder.assetcatalog; path = Assets.xcassets; sourceTree = "<group>"; };
		8B71126023623ACC0074B140 /* mapsDark.json */ = {isa = PBXFileReference; lastKnownFileType = text.json; path = mapsDark.json; sourceTree = "<group>"; };
		8B71126223623B4F0074B140 /* mapsLight.json */ = {isa = PBXFileReference; lastKnownFileType = text.json; path = mapsLight.json; sourceTree = "<group>"; };
		8B9A31972347CE7F00D2F077 /* CustomStepView.swift */ = {isa = PBXFileReference; lastKnownFileType = sourcecode.swift; path = CustomStepView.swift; sourceTree = "<group>"; };
		8B9A31992347CEC200D2F077 /* CustomTextField.swift */ = {isa = PBXFileReference; lastKnownFileType = sourcecode.swift; path = CustomTextField.swift; sourceTree = "<group>"; };
		8B9A319B2347D46600D2F077 /* Preview.swift */ = {isa = PBXFileReference; lastKnownFileType = sourcecode.swift; path = Preview.swift; sourceTree = "<group>"; };
		8BFEC94B2344DA6400D56104 /* ExplorerGoogle.app */ = {isa = PBXFileReference; explicitFileType = wrapper.application; includeInIndex = 0; path = ExplorerGoogle.app; sourceTree = BUILT_PRODUCTS_DIR; };
		8BFEC94E2344DA6400D56104 /* AppDelegate.swift */ = {isa = PBXFileReference; lastKnownFileType = sourcecode.swift; path = AppDelegate.swift; sourceTree = "<group>"; };
		8BFEC9502344DA6400D56104 /* SceneDelegate.swift */ = {isa = PBXFileReference; lastKnownFileType = sourcecode.swift; path = SceneDelegate.swift; sourceTree = "<group>"; };
		8BFEC95A2344DA6700D56104 /* Base */ = {isa = PBXFileReference; lastKnownFileType = file.storyboard; name = Base; path = Base.lproj/LaunchScreen.storyboard; sourceTree = "<group>"; };
		8BFEC95C2344DA6700D56104 /* Info.plist */ = {isa = PBXFileReference; lastKnownFileType = text.plist.xml; path = Info.plist; sourceTree = "<group>"; };
		8BFEC9652344DAFD00D56104 /* ExplorerViewController.swift */ = {isa = PBXFileReference; lastKnownFileType = sourcecode.swift; path = ExplorerViewController.swift; sourceTree = "<group>"; };
		8BFEC9672344DB0C00D56104 /* ExplorerScreen.swift */ = {isa = PBXFileReference; lastKnownFileType = sourcecode.swift; path = ExplorerScreen.swift; sourceTree = "<group>"; };
		8BFEC9692344DB2000D56104 /* ExplorerComponents.swift */ = {isa = PBXFileReference; lastKnownFileType = sourcecode.swift; path = ExplorerComponents.swift; sourceTree = "<group>"; };
		8BFEC96C2344DC9300D56104 /* UIView+Elevate.swift */ = {isa = PBXFileReference; fileEncoding = 4; lastKnownFileType = sourcecode.swift; path = "UIView+Elevate.swift"; sourceTree = "<group>"; };
		8BFEC96D2344DC9300D56104 /* Constraint_Extensions.swift */ = {isa = PBXFileReference; fileEncoding = 4; lastKnownFileType = sourcecode.swift; path = Constraint_Extensions.swift; sourceTree = "<group>"; };
		8BFEC96E2344DC9300D56104 /* UIView+Percent.swift */ = {isa = PBXFileReference; fileEncoding = 4; lastKnownFileType = sourcecode.swift; path = "UIView+Percent.swift"; sourceTree = "<group>"; };
		8BFEC98423452E5700D56104 /* CustomMarkerView.swift */ = {isa = PBXFileReference; lastKnownFileType = sourcecode.swift; path = CustomMarkerView.swift; sourceTree = "<group>"; };
		8BFEC98623452F5800D56104 /* PreviewMapsView.swift */ = {isa = PBXFileReference; lastKnownFileType = sourcecode.swift; path = PreviewMapsView.swift; sourceTree = "<group>"; };
		8BFEC9882345307F00D56104 /* DetailsViewController.swift */ = {isa = PBXFileReference; lastKnownFileType = sourcecode.swift; path = DetailsViewController.swift; sourceTree = "<group>"; };
		B18593200A8FE767048B95E1 /* Pods_ExplorerGoogle.framework */ = {isa = PBXFileReference; explicitFileType = wrapper.framework; includeInIndex = 0; path = Pods_ExplorerGoogle.framework; sourceTree = BUILT_PRODUCTS_DIR; };
/* End PBXFileReference section */

/* Begin PBXFrameworksBuildPhase section */
		8BFEC9482344DA6400D56104 /* Frameworks */ = {
			isa = PBXFrameworksBuildPhase;
			buildActionMask = 2147483647;
			files = (
				9D8A2628084BD54C4F1DB0D3 /* Pods_ExplorerGoogle.framework in Frameworks */,
			);
			runOnlyForDeploymentPostprocessing = 0;
		};
/* End PBXFrameworksBuildPhase section */

/* Begin PBXGroup section */
		3E4D77D41F3E2372901D431F /* Pods */ = {
			isa = PBXGroup;
			children = (
				6F2A6B31867CAD37AEDBB0EB /* Pods-ExplorerGoogle.debug.xcconfig */,
				5F33B3E316E8589882292C9F /* Pods-ExplorerGoogle.release.xcconfig */,
			);
			path = Pods;
			sourceTree = "<group>";
		};
		65431EDC237C9CBE00D493C3 /* Font */ = {
			isa = PBXGroup;
			children = (
				65431EDF237C9D4500D493C3 /* gotham-bold.otf */,
				65431EE0237C9D4500D493C3 /* gotham-book.otf */,
				65431EDD237C9D4500D493C3 /* gotham-medium.otf */,
				65431EDE237C9D4500D493C3 /* gotham.otf */,
			);
			path = Font;
			sourceTree = "<group>";
		};
		8BFEC9422344DA6400D56104 = {
			isa = PBXGroup;
			children = (
				8BFEC94D2344DA6400D56104 /* ExplorerGoogle */,
				8BFEC94C2344DA6400D56104 /* Products */,
				3E4D77D41F3E2372901D431F /* Pods */,
				F129293D71F8E555BB76A7BC /* Frameworks */,
			);
			sourceTree = "<group>";
		};
		8BFEC94C2344DA6400D56104 /* Products */ = {
			isa = PBXGroup;
			children = (
				8BFEC94B2344DA6400D56104 /* ExplorerGoogle.app */,
			);
			name = Products;
			sourceTree = "<group>";
		};
		8BFEC94D2344DA6400D56104 /* ExplorerGoogle */ = {
			isa = PBXGroup;
			children = (
				65431EDC237C9CBE00D493C3 /* Font */,
				8BFEC98323452E3C00D56104 /* Custom */,
				8BFEC96B2344DC9300D56104 /* Extensions */,
				8BFEC9622344DADE00D56104 /* view */,
				8BFEC94E2344DA6400D56104 /* AppDelegate.swift */,
				8BFEC9502344DA6400D56104 /* SceneDelegate.swift */,
				8BFEC9592344DA6700D56104 /* LaunchScreen.storyboard */,
				8BFEC95C2344DA6700D56104 /* Info.plist */,
				8B0CF87023467B870094E5B1 /* Assets.xcassets */,
				8B71126023623ACC0074B140 /* mapsDark.json */,
				8B71126223623B4F0074B140 /* mapsLight.json */,
			);
			path = ExplorerGoogle;
			sourceTree = "<group>";
		};
		8BFEC9622344DADE00D56104 /* view */ = {
			isa = PBXGroup;
			children = (
				8BFEC9632344DAE400D56104 /* Explorer */,
			);
			path = view;
			sourceTree = "<group>";
		};
		8BFEC9632344DAE400D56104 /* Explorer */ = {
			isa = PBXGroup;
			children = (
				8BFEC9642344DAEB00D56104 /* screen */,
				8BFEC9652344DAFD00D56104 /* ExplorerViewController.swift */,
				8BFEC9882345307F00D56104 /* DetailsViewController.swift */,
			);
			path = Explorer;
			sourceTree = "<group>";
		};
		8BFEC9642344DAEB00D56104 /* screen */ = {
			isa = PBXGroup;
			children = (
				8BFEC9672344DB0C00D56104 /* ExplorerScreen.swift */,
				8BFEC9692344DB2000D56104 /* ExplorerComponents.swift */,
			);
			path = screen;
			sourceTree = "<group>";
		};
		8BFEC96B2344DC9300D56104 /* Extensions */ = {
			isa = PBXGroup;
			children = (
				8BFEC96C2344DC9300D56104 /* UIView+Elevate.swift */,
				8BFEC96D2344DC9300D56104 /* Constraint_Extensions.swift */,
				8BFEC96E2344DC9300D56104 /* UIView+Percent.swift */,
			);
			name = Extensions;
			path = ../../ExtractBank/ExtractBank/Extensions;
			sourceTree = "<group>";
		};
		8BFEC98323452E3C00D56104 /* Custom */ = {
			isa = PBXGroup;
			children = (
				8BFEC98423452E5700D56104 /* CustomMarkerView.swift */,
				8BFEC98623452F5800D56104 /* PreviewMapsView.swift */,
				8B9A31972347CE7F00D2F077 /* CustomStepView.swift */,
				8B9A31992347CEC200D2F077 /* CustomTextField.swift */,
				8B9A319B2347D46600D2F077 /* Preview.swift */,
			);
			path = Custom;
			sourceTree = "<group>";
		};
		F129293D71F8E555BB76A7BC /* Frameworks */ = {
			isa = PBXGroup;
			children = (
				B18593200A8FE767048B95E1 /* Pods_ExplorerGoogle.framework */,
			);
			name = Frameworks;
			sourceTree = "<group>";
		};
/* End PBXGroup section */

/* Begin PBXNativeTarget section */
		8BFEC94A2344DA6400D56104 /* ExplorerGoogle */ = {
			isa = PBXNativeTarget;
			buildConfigurationList = 8BFEC95F2344DA6700D56104 /* Build configuration list for PBXNativeTarget "ExplorerGoogle" */;
			buildPhases = (
				CA9D188B3F12BA6AA39A649D /* [CP] Check Pods Manifest.lock */,
				8BFEC9472344DA6400D56104 /* Sources */,
				8BFEC9482344DA6400D56104 /* Frameworks */,
				8BFEC9492344DA6400D56104 /* Resources */,
				9A2146B25AEE4467B8E552BC /* [CP] Embed Pods Frameworks */,
				8E23782452F7637630864224 /* [CP] Copy Pods Resources */,
			);
			buildRules = (
			);
			dependencies = (
			);
			name = ExplorerGoogle;
			productName = ExplorerGoogle;
			productReference = 8BFEC94B2344DA6400D56104 /* ExplorerGoogle.app */;
			productType = "com.apple.product-type.application";
		};
/* End PBXNativeTarget section */

/* Begin PBXProject section */
		8BFEC9432344DA6400D56104 /* Project object */ = {
			isa = PBXProject;
			attributes = {
				LastSwiftUpdateCheck = 1100;
				LastUpgradeCheck = 1100;
				ORGANIZATIONNAME = URPay;
				TargetAttributes = {
					8BFEC94A2344DA6400D56104 = {
						CreatedOnToolsVersion = 11.0;
					};
				};
			};
			buildConfigurationList = 8BFEC9462344DA6400D56104 /* Build configuration list for PBXProject "ExplorerGoogle" */;
			compatibilityVersion = "Xcode 9.3";
			developmentRegion = en;
			hasScannedForEncodings = 0;
			knownRegions = (
				en,
				Base,
			);
			mainGroup = 8BFEC9422344DA6400D56104;
			productRefGroup = 8BFEC94C2344DA6400D56104 /* Products */;
			projectDirPath = "";
			projectRoot = "";
			targets = (
				8BFEC94A2344DA6400D56104 /* ExplorerGoogle */,
			);
		};
/* End PBXProject section */

/* Begin PBXResourcesBuildPhase section */
		8BFEC9492344DA6400D56104 /* Resources */ = {
			isa = PBXResourcesBuildPhase;
			buildActionMask = 2147483647;
			files = (
				8BFEC95B2344DA6700D56104 /* LaunchScreen.storyboard in Resources */,
				65431EE4237C9DDD00D493C3 /* gotham.otf in Resources */,
				8B0CF87123467B870094E5B1 /* Assets.xcassets in Resources */,
				65431EE2237C9DD800D493C3 /* gotham-book.otf in Resources */,
				65431EE3237C9DDB00D493C3 /* gotham-medium.otf in Resources */,
				8B71126323623B4F0074B140 /* mapsLight.json in Resources */,
				8B71126123623ACC0074B140 /* mapsDark.json in Resources */,
				65431EE1237C9DD500D493C3 /* gotham-bold.otf in Resources */,
			);
			runOnlyForDeploymentPostprocessing = 0;
		};
/* End PBXResourcesBuildPhase section */

/* Begin PBXShellScriptBuildPhase section */
		8E23782452F7637630864224 /* [CP] Copy Pods Resources */ = {
			isa = PBXShellScriptBuildPhase;
			buildActionMask = 2147483647;
			files = (
			);
			inputFileListPaths = (
			);
			inputPaths = (
				"${PODS_ROOT}/Target Support Files/Pods-ExplorerGoogle/Pods-ExplorerGoogle-resources.sh",
				"${PODS_ROOT}/GoogleMaps/Maps/Frameworks/GoogleMaps.framework/Resources/GoogleMaps.bundle",
				"${PODS_ROOT}/GooglePlaces/Frameworks/GooglePlaces.framework/Resources/GooglePlaces.bundle",
			);
			name = "[CP] Copy Pods Resources";
			outputFileListPaths = (
			);
			outputPaths = (
				"${TARGET_BUILD_DIR}/${UNLOCALIZED_RESOURCES_FOLDER_PATH}/GoogleMaps.bundle",
				"${TARGET_BUILD_DIR}/${UNLOCALIZED_RESOURCES_FOLDER_PATH}/GooglePlaces.bundle",
			);
			runOnlyForDeploymentPostprocessing = 0;
			shellPath = /bin/sh;
			shellScript = "\"${PODS_ROOT}/Target Support Files/Pods-ExplorerGoogle/Pods-ExplorerGoogle-resources.sh\"\n";
			showEnvVarsInLog = 0;
		};
		9A2146B25AEE4467B8E552BC /* [CP] Embed Pods Frameworks */ = {
			isa = PBXShellScriptBuildPhase;
			buildActionMask = 2147483647;
			files = (
			);
			inputFileListPaths = (
			);
			inputPaths = (
				"${PODS_ROOT}/Target Support Files/Pods-ExplorerGoogle/Pods-ExplorerGoogle-frameworks.sh",
				"${BUILT_PRODUCTS_DIR}/GooglePlacesPicker/GooglePlacesPicker.framework",
			);
			name = "[CP] Embed Pods Frameworks";
			outputFileListPaths = (
			);
			outputPaths = (
				"${TARGET_BUILD_DIR}/${FRAMEWORKS_FOLDER_PATH}/GooglePlacesPicker.framework",
			);
			runOnlyForDeploymentPostprocessing = 0;
			shellPath = /bin/sh;
			shellScript = "\"${PODS_ROOT}/Target Support Files/Pods-ExplorerGoogle/Pods-ExplorerGoogle-frameworks.sh\"\n";
			showEnvVarsInLog = 0;
		};
		CA9D188B3F12BA6AA39A649D /* [CP] Check Pods Manifest.lock */ = {
			isa = PBXShellScriptBuildPhase;
			buildActionMask = 2147483647;
			files = (
			);
			inputFileListPaths = (
			);
			inputPaths = (
				"${PODS_PODFILE_DIR_PATH}/Podfile.lock",
				"${PODS_ROOT}/Manifest.lock",
			);
			name = "[CP] Check Pods Manifest.lock";
			outputFileListPaths = (
			);
			outputPaths = (
				"$(DERIVED_FILE_DIR)/Pods-ExplorerGoogle-checkManifestLockResult.txt",
			);
			runOnlyForDeploymentPostprocessing = 0;
			shellPath = /bin/sh;
			shellScript = "diff \"${PODS_PODFILE_DIR_PATH}/Podfile.lock\" \"${PODS_ROOT}/Manifest.lock\" > /dev/null\nif [ $? != 0 ] ; then\n    # print error to STDERR\n    echo \"error: The sandbox is not in sync with the Podfile.lock. Run 'pod install' or update your CocoaPods installation.\" >&2\n    exit 1\nfi\n# This output is used by Xcode 'outputs' to avoid re-running this script phase.\necho \"SUCCESS\" > \"${SCRIPT_OUTPUT_FILE_0}\"\n";
			showEnvVarsInLog = 0;
		};
/* End PBXShellScriptBuildPhase section */

/* Begin PBXSourcesBuildPhase section */
		8BFEC9472344DA6400D56104 /* Sources */ = {
			isa = PBXSourcesBuildPhase;
			buildActionMask = 2147483647;
			files = (
				8B9A319A2347CEC200D2F077 /* CustomTextField.swift in Sources */,
				8BFEC96A2344DB2000D56104 /* ExplorerComponents.swift in Sources */,
				8BFEC96F2344DC9300D56104 /* UIView+Elevate.swift in Sources */,
				8BFEC98523452E5700D56104 /* CustomMarkerView.swift in Sources */,
				8B9A319C2347D46600D2F077 /* Preview.swift in Sources */,
				8BFEC9892345307F00D56104 /* DetailsViewController.swift in Sources */,
				8BFEC94F2344DA6400D56104 /* AppDelegate.swift in Sources */,
				8BFEC9512344DA6400D56104 /* SceneDelegate.swift in Sources */,
				8BFEC9712344DC9300D56104 /* UIView+Percent.swift in Sources */,
				8BFEC9682344DB0C00D56104 /* ExplorerScreen.swift in Sources */,
				8BFEC9702344DC9300D56104 /* Constraint_Extensions.swift in Sources */,
				8B9A31982347CE7F00D2F077 /* CustomStepView.swift in Sources */,
				8BFEC98723452F5800D56104 /* PreviewMapsView.swift in Sources */,
				8BFEC9662344DAFD00D56104 /* ExplorerViewController.swift in Sources */,
			);
			runOnlyForDeploymentPostprocessing = 0;
		};
/* End PBXSourcesBuildPhase section */

/* Begin PBXVariantGroup section */
		8BFEC9592344DA6700D56104 /* LaunchScreen.storyboard */ = {
			isa = PBXVariantGroup;
			children = (
				8BFEC95A2344DA6700D56104 /* Base */,
			);
			name = LaunchScreen.storyboard;
			sourceTree = "<group>";
		};
/* End PBXVariantGroup section */

/* Begin XCBuildConfiguration section */
		8BFEC95D2344DA6700D56104 /* Debug */ = {
			isa = XCBuildConfiguration;
			buildSettings = {
				ALWAYS_SEARCH_USER_PATHS = NO;
				CLANG_ANALYZER_NONNULL = YES;
				CLANG_ANALYZER_NUMBER_OBJECT_CONVERSION = YES_AGGRESSIVE;
				CLANG_CXX_LANGUAGE_STANDARD = "gnu++14";
				CLANG_CXX_LIBRARY = "libc++";
				CLANG_ENABLE_MODULES = YES;
				CLANG_ENABLE_OBJC_ARC = YES;
				CLANG_ENABLE_OBJC_WEAK = YES;
				CLANG_WARN_BLOCK_CAPTURE_AUTORELEASING = YES;
				CLANG_WARN_BOOL_CONVERSION = YES;
				CLANG_WARN_COMMA = YES;
				CLANG_WARN_CONSTANT_CONVERSION = YES;
				CLANG_WARN_DEPRECATED_OBJC_IMPLEMENTATIONS = YES;
				CLANG_WARN_DIRECT_OBJC_ISA_USAGE = YES_ERROR;
				CLANG_WARN_DOCUMENTATION_COMMENTS = YES;
				CLANG_WARN_EMPTY_BODY = YES;
				CLANG_WARN_ENUM_CONVERSION = YES;
				CLANG_WARN_INFINITE_RECURSION = YES;
				CLANG_WARN_INT_CONVERSION = YES;
				CLANG_WARN_NON_LITERAL_NULL_CONVERSION = YES;
				CLANG_WARN_OBJC_IMPLICIT_RETAIN_SELF = YES;
				CLANG_WARN_OBJC_LITERAL_CONVERSION = YES;
				CLANG_WARN_OBJC_ROOT_CLASS = YES_ERROR;
				CLANG_WARN_RANGE_LOOP_ANALYSIS = YES;
				CLANG_WARN_STRICT_PROTOTYPES = YES;
				CLANG_WARN_SUSPICIOUS_MOVE = YES;
				CLANG_WARN_UNGUARDED_AVAILABILITY = YES_AGGRESSIVE;
				CLANG_WARN_UNREACHABLE_CODE = YES;
				CLANG_WARN__DUPLICATE_METHOD_MATCH = YES;
				COPY_PHASE_STRIP = NO;
				DEBUG_INFORMATION_FORMAT = dwarf;
				ENABLE_STRICT_OBJC_MSGSEND = YES;
				ENABLE_TESTABILITY = YES;
				GCC_C_LANGUAGE_STANDARD = gnu11;
				GCC_DYNAMIC_NO_PIC = NO;
				GCC_NO_COMMON_BLOCKS = YES;
				GCC_OPTIMIZATION_LEVEL = 0;
				GCC_PREPROCESSOR_DEFINITIONS = (
					"DEBUG=1",
					"$(inherited)",
				);
				GCC_WARN_64_TO_32_BIT_CONVERSION = YES;
				GCC_WARN_ABOUT_RETURN_TYPE = YES_ERROR;
				GCC_WARN_UNDECLARED_SELECTOR = YES;
				GCC_WARN_UNINITIALIZED_AUTOS = YES_AGGRESSIVE;
				GCC_WARN_UNUSED_FUNCTION = YES;
				GCC_WARN_UNUSED_VARIABLE = YES;
				IPHONEOS_DEPLOYMENT_TARGET = 13.0;
				MTL_ENABLE_DEBUG_INFO = INCLUDE_SOURCE;
				MTL_FAST_MATH = YES;
				ONLY_ACTIVE_ARCH = YES;
				SDKROOT = iphoneos;
				SWIFT_ACTIVE_COMPILATION_CONDITIONS = DEBUG;
				SWIFT_OPTIMIZATION_LEVEL = "-Onone";
			};
			name = Debug;
		};
		8BFEC95E2344DA6700D56104 /* Release */ = {
			isa = XCBuildConfiguration;
			buildSettings = {
				ALWAYS_SEARCH_USER_PATHS = NO;
				CLANG_ANALYZER_NONNULL = YES;
				CLANG_ANALYZER_NUMBER_OBJECT_CONVERSION = YES_AGGRESSIVE;
				CLANG_CXX_LANGUAGE_STANDARD = "gnu++14";
				CLANG_CXX_LIBRARY = "libc++";
				CLANG_ENABLE_MODULES = YES;
				CLANG_ENABLE_OBJC_ARC = YES;
				CLANG_ENABLE_OBJC_WEAK = YES;
				CLANG_WARN_BLOCK_CAPTURE_AUTORELEASING = YES;
				CLANG_WARN_BOOL_CONVERSION = YES;
				CLANG_WARN_COMMA = YES;
				CLANG_WARN_CONSTANT_CONVERSION = YES;
				CLANG_WARN_DEPRECATED_OBJC_IMPLEMENTATIONS = YES;
				CLANG_WARN_DIRECT_OBJC_ISA_USAGE = YES_ERROR;
				CLANG_WARN_DOCUMENTATION_COMMENTS = YES;
				CLANG_WARN_EMPTY_BODY = YES;
				CLANG_WARN_ENUM_CONVERSION = YES;
				CLANG_WARN_INFINITE_RECURSION = YES;
				CLANG_WARN_INT_CONVERSION = YES;
				CLANG_WARN_NON_LITERAL_NULL_CONVERSION = YES;
				CLANG_WARN_OBJC_IMPLICIT_RETAIN_SELF = YES;
				CLANG_WARN_OBJC_LITERAL_CONVERSION = YES;
				CLANG_WARN_OBJC_ROOT_CLASS = YES_ERROR;
				CLANG_WARN_RANGE_LOOP_ANALYSIS = YES;
				CLANG_WARN_STRICT_PROTOTYPES = YES;
				CLANG_WARN_SUSPICIOUS_MOVE = YES;
				CLANG_WARN_UNGUARDED_AVAILABILITY = YES_AGGRESSIVE;
				CLANG_WARN_UNREACHABLE_CODE = YES;
				CLANG_WARN__DUPLICATE_METHOD_MATCH = YES;
				COPY_PHASE_STRIP = NO;
				DEBUG_INFORMATION_FORMAT = "dwarf-with-dsym";
				ENABLE_NS_ASSERTIONS = NO;
				ENABLE_STRICT_OBJC_MSGSEND = YES;
				GCC_C_LANGUAGE_STANDARD = gnu11;
				GCC_NO_COMMON_BLOCKS = YES;
				GCC_WARN_64_TO_32_BIT_CONVERSION = YES;
				GCC_WARN_ABOUT_RETURN_TYPE = YES_ERROR;
				GCC_WARN_UNDECLARED_SELECTOR = YES;
				GCC_WARN_UNINITIALIZED_AUTOS = YES_AGGRESSIVE;
				GCC_WARN_UNUSED_FUNCTION = YES;
				GCC_WARN_UNUSED_VARIABLE = YES;
				IPHONEOS_DEPLOYMENT_TARGET = 13.0;
				MTL_ENABLE_DEBUG_INFO = NO;
				MTL_FAST_MATH = YES;
				SDKROOT = iphoneos;
				SWIFT_COMPILATION_MODE = wholemodule;
				SWIFT_OPTIMIZATION_LEVEL = "-O";
				VALIDATE_PRODUCT = YES;
			};
			name = Release;
		};
		8BFEC9602344DA6700D56104 /* Debug */ = {
			isa = XCBuildConfiguration;
			baseConfigurationReference = 6F2A6B31867CAD37AEDBB0EB /* Pods-ExplorerGoogle.debug.xcconfig */;
			buildSettings = {
				ASSETCATALOG_COMPILER_APPICON_NAME = AppIcon;
				CODE_SIGN_IDENTITY = "Apple Development";
				CODE_SIGN_STYLE = Automatic;
				DEVELOPMENT_TEAM = 395HQL23FJ;
				INFOPLIST_FILE = ExplorerGoogle/Info.plist;
				LD_RUNPATH_SEARCH_PATHS = (
					"$(inherited)",
					"@executable_path/Frameworks",
				);
				PRODUCT_BUNDLE_IDENTIFIER = weslleyquadros.Projetoteste.ExplorerGoogle;
				PRODUCT_NAME = "$(TARGET_NAME)";
				PROVISIONING_PROFILE_SPECIFIER = "";
				SWIFT_VERSION = 5.0;
				TARGETED_DEVICE_FAMILY = 1;
			};
			name = Debug;
		};
		8BFEC9612344DA6700D56104 /* Release */ = {
			isa = XCBuildConfiguration;
			baseConfigurationReference = 5F33B3E316E8589882292C9F /* Pods-ExplorerGoogle.release.xcconfig */;
			buildSettings = {
				ASSETCATALOG_COMPILER_APPICON_NAME = AppIcon;
				CODE_SIGN_IDENTITY = "Apple Development";
				CODE_SIGN_STYLE = Automatic;
				DEVELOPMENT_TEAM = 395HQL23FJ;
				INFOPLIST_FILE = ExplorerGoogle/Info.plist;
				LD_RUNPATH_SEARCH_PATHS = (
					"$(inherited)",
					"@executable_path/Frameworks",
				);
				PRODUCT_BUNDLE_IDENTIFIER = weslleyquadros.Projetoteste.ExplorerGoogle;
				PRODUCT_NAME = "$(TARGET_NAME)";
				PROVISIONING_PROFILE_SPECIFIER = "";
				SWIFT_VERSION = 5.0;
				TARGETED_DEVICE_FAMILY = 1;
			};
			name = Release;
		};
/* End XCBuildConfiguration section */

/* Begin XCConfigurationList section */
		8BFEC9462344DA6400D56104 /* Build configuration list for PBXProject "ExplorerGoogle" */ = {
			isa = XCConfigurationList;
			buildConfigurations = (
				8BFEC95D2344DA6700D56104 /* Debug */,
				8BFEC95E2344DA6700D56104 /* Release */,
			);
			defaultConfigurationIsVisible = 0;
			defaultConfigurationName = Release;
		};
		8BFEC95F2344DA6700D56104 /* Build configuration list for PBXNativeTarget "ExplorerGoogle" */ = {
			isa = XCConfigurationList;
			buildConfigurations = (
				8BFEC9602344DA6700D56104 /* Debug */,
				8BFEC9612344DA6700D56104 /* Release */,
			);
			defaultConfigurationIsVisible = 0;
			defaultConfigurationName = Release;
		};
/* End XCConfigurationList section */
	};
	rootObject = 8BFEC9432344DA6400D56104 /* Project object */;
}
